Microsoft Visual Studio Solution File, Format Version 12.00
# Visual Studio 15
VisualStudioVersion = 15.0.27130.2027
MinimumVisualStudioVersion = 15.0.26124.0
Project("{9A19103F-16F7-4668-BE54-9A1E7A4F7556}") = "Herc.Pwa.Server", "Herc.Pwa.Server\Herc.Pwa.Server.csproj", "{5114B6D2-7229-4BAF-BA89-9463D12BF755}"
EndProject
Project("{9A19103F-16F7-4668-BE54-9A1E7A4F7556}") = "Herc.Pwa.Client", "Herc.Pwa.Client\Herc.Pwa.Client.csproj", "{ACB72DC8-10FA-4555-AC78-F4486CCB92F0}"
EndProject
Project("{9A19103F-16F7-4668-BE54-9A1E7A4F7556}") = "Herc.Pwa.Shared", "Herc.Pwa.Shared\Herc.Pwa.Shared.csproj", "{4FC79A67-4A7B-41D6-B004-F4AD61AA927A}"
EndProject
Global
	GlobalSection(SolutionConfigurationPlatforms) = preSolution
		Debug|Any CPU = Debug|Any CPU
		Debug|x64 = Debug|x64
		Debug|x86 = Debug|x86
		Release|Any CPU = Release|Any CPU
		Release|x64 = Release|x64
		Release|x86 = Release|x86
	EndGlobalSection
	GlobalSection(ProjectConfigurationPlatforms) = postSolution
		{ACB72DC8-10FA-4555-AC78-F4486CCB92F0}.Debug|Any CPU.ActiveCfg = Debug|Any CPU
		{ACB72DC8-10FA-4555-AC78-F4486CCB92F0}.Debug|Any CPU.Build.0 = Debug|Any CPU
		{ACB72DC8-10FA-4555-AC78-F4486CCB92F0}.Debug|x64.ActiveCfg = Debug|Any CPU
		{ACB72DC8-10FA-4555-AC78-F4486CCB92F0}.Debug|x64.Build.0 = Debug|Any CPU
		{ACB72DC8-10FA-4555-AC78-F4486CCB92F0}.Debug|x86.ActiveCfg = Debug|Any CPU
		{ACB72DC8-10FA-4555-AC78-F4486CCB92F0}.Debug|x86.Build.0 = Debug|Any CPU
		{ACB72DC8-10FA-4555-AC78-F4486CCB92F0}.Release|Any CPU.ActiveCfg = Release|Any CPU
		{ACB72DC8-10FA-4555-AC78-F4486CCB92F0}.Release|Any CPU.Build.0 = Release|Any CPU
		{ACB72DC8-10FA-4555-AC78-F4486CCB92F0}.Release|x64.ActiveCfg = Release|Any CPU
		{ACB72DC8-10FA-4555-AC78-F4486CCB92F0}.Release|x64.Build.0 = Release|Any CPU
		{ACB72DC8-10FA-4555-AC78-F4486CCB92F0}.Release|x86.ActiveCfg = Release|Any CPU
		{ACB72DC8-10FA-4555-AC78-F4486CCB92F0}.Release|x86.Build.0 = Release|Any CPU
		{5114B6D2-7229-4BAF-BA89-9463D12BF755}.Debug|Any CPU.ActiveCfg = Debug|Any CPU
		{5114B6D2-7229-4BAF-BA89-9463D12BF755}.Debug|Any CPU.Build.0 = Debug|Any CPU
		{5114B6D2-7229-4BAF-BA89-9463D12BF755}.Debug|x64.ActiveCfg = Debug|Any CPU
		{5114B6D2-7229-4BAF-BA89-9463D12BF755}.Debug|x64.Build.0 = Debug|Any CPU
		{5114B6D2-7229-4BAF-BA89-9463D12BF755}.Debug|x86.ActiveCfg = Debug|Any CPU
		{5114B6D2-7229-4BAF-BA89-9463D12BF755}.Debug|x86.Build.0 = Debug|Any CPU
		{5114B6D2-7229-4BAF-BA89-9463D12BF755}.Release|Any CPU.ActiveCfg = Release|Any CPU
		{5114B6D2-7229-4BAF-BA89-9463D12BF755}.Release|Any CPU.Build.0 = Release|Any CPU
		{5114B6D2-7229-4BAF-BA89-9463D12BF755}.Release|x64.ActiveCfg = Release|Any CPU
		{5114B6D2-7229-4BAF-BA89-9463D12BF755}.Release|x64.Build.0 = Release|Any CPU
		{5114B6D2-7229-4BAF-BA89-9463D12BF755}.Release|x86.ActiveCfg = Release|Any CPU
		{5114B6D2-7229-4BAF-BA89-9463D12BF755}.Release|x86.Build.0 = Release|Any CPU
		{4FC79A67-4A7B-41D6-B004-F4AD61AA927A}.Debug|Any CPU.ActiveCfg = Debug|Any CPU
		{4FC79A67-4A7B-41D6-B004-F4AD61AA927A}.Debug|Any CPU.Build.0 = Debug|Any CPU
		{4FC79A67-4A7B-41D6-B004-F4AD61AA927A}.Debug|x64.ActiveCfg = Debug|Any CPU
		{4FC79A67-4A7B-41D6-B004-F4AD61AA927A}.Debug|x64.Build.0 = Debug|Any CPU
		{4FC79A67-4A7B-41D6-B004-F4AD61AA927A}.Debug|x86.ActiveCfg = Debug|Any CPU
		{4FC79A67-4A7B-41D6-B004-F4AD61AA927A}.Debug|x86.Build.0 = Debug|Any CPU
		{4FC79A67-4A7B-41D6-B004-F4AD61AA927A}.Release|Any CPU.ActiveCfg = Release|Any CPU
		{4FC79A67-4A7B-41D6-B004-F4AD61AA927A}.Release|Any CPU.Build.0 = Release|Any CPU
		{4FC79A67-4A7B-41D6-B004-F4AD61AA927A}.Release|x64.ActiveCfg = Release|Any CPU
		{4FC79A67-4A7B-41D6-B004-F4AD61AA927A}.Release|x64.Build.0 = Release|Any CPU
		{4FC79A67-4A7B-41D6-B004-F4AD61AA927A}.Release|x86.ActiveCfg = Release|Any CPU
		{4FC79A67-4A7B-41D6-B004-F4AD61AA927A}.Release|x86.Build.0 = Release|Any CPU
	EndGlobalSection
	GlobalSection(SolutionProperties) = preSolution
		HideSolutionNode = FALSE
	EndGlobalSection
	GlobalSection(ExtensibilityGlobals) = postSolution
		SolutionGuid = {EAE7846D-8856-4185-A0D2-9466E4458D71}
	EndGlobalSection
EndGlobal
